// !$*UTF8*$!
{
	archiveVersion = 1;
	classes = {
	};
	objectVersion = 77;
	objects = {

/* Begin PBXBuildFile section */
		D001000000000000000000A1 /* NabApp.swift in Sources */ = {isa = PBXBuildFile; fileRef = C001000000000000000000A1 /* NabApp.swift */; };
		D002000000000000000000A2 /* AppDelegate.swift in Sources */ = {isa = PBXBuildFile; fileRef = C002000000000000000000A2 /* AppDelegate.swift */; };
		D003000000000000000000A3 /* ShelfController.swift in Sources */ = {isa = PBXBuildFile; fileRef = C003000000000000000000A3 /* ShelfController.swift */; };
		D004000000000000000000A4 /* ShelfPanel.swift in Sources */ = {isa = PBXBuildFile; fileRef = C004000000000000000000A4 /* ShelfPanel.swift */; };
		D005000000000000000000A5 /* ShelfModel.swift in Sources */ = {isa = PBXBuildFile; fileRef = C005000000000000000000A5 /* ShelfModel.swift */; };
		D006000000000000000000A6 /* ShelfView.swift in Sources */ = {isa = PBXBuildFile; fileRef = C006000000000000000000A6 /* ShelfView.swift */; };
		D007000000000000000000A7 /* DragMonitor.swift in Sources */ = {isa = PBXBuildFile; fileRef = C007000000000000000000A7 /* DragMonitor.swift */; };
		D008000000000000000000A8 /* Logging.swift in Sources */ = {isa = PBXBuildFile; fileRef = C008000000000000000000A8 /* Logging.swift */; };
		D009000000000000000000A9 /* ShelfPreferences.swift in Sources */ = {isa = PBXBuildFile; fileRef = C009000000000000000000A9 /* ShelfPreferences.swift */; };
		D00A000000000000000000AA /* ShelfIcon.swift in Sources */ = {isa = PBXBuildFile; fileRef = C00A000000000000000000AA /* ShelfIcon.swift */; };
		D00B000000000000000000AB /* DragDropBridges.swift in Sources */ = {isa = PBXBuildFile; fileRef = C00B000000000000000000AB /* DragDropBridges.swift */; };
		D00C000000000000000000AC /* QuickLookCoordinator.swift in Sources */ = {isa = PBXBuildFile; fileRef = C00C000000000000000000AC /* QuickLookCoordinator.swift */; };
		D00D000000000000000000AD /* Assets.xcassets in Resources */ = {isa = PBXBuildFile; fileRef = C00D000000000000000000AD /* Assets.xcassets */; };
		D00E000000000000000000AE /* DragOperationPolicy.swift in Sources */ = {isa = PBXBuildFile; fileRef = C00E000000000000000000AE /* DragOperationPolicy.swift */; };
		D00F000000000000000000AF /* ScreenGeometry.swift in Sources */ = {isa = PBXBuildFile; fileRef = C00F000000000000000000AF /* ScreenGeometry.swift */; };
		D010000000000000000000B0 /* PanelGeometry.swift in Sources */ = {isa = PBXBuildFile; fileRef = C010000000000000000000B0 /* PanelGeometry.swift */; };
		D011000000000000000000B1 /* FileExportCoordinator.swift in Sources */ = {isa = PBXBuildFile; fileRef = C011000000000000000000B1 /* FileExportCoordinator.swift */; };
		D012000000000000000000B2 /* MaterializedFileStore.swift in Sources */ = {isa = PBXBuildFile; fileRef = C012000000000000000000B2 /* MaterializedFileStore.swift */; };
		D10000000000000000000100 /* DragOperationPolicyTests.swift in Sources */ = {isa = PBXBuildFile; fileRef = C10000000000000000000100 /* DragOperationPolicyTests.swift */; };
		D10100000000000000000101 /* ScreenGeometryTests.swift in Sources */ = {isa = PBXBuildFile; fileRef = C10100000000000000000101 /* ScreenGeometryTests.swift */; };
		D10200000000000000000102 /* ShelfModelTests.swift in Sources */ = {isa = PBXBuildFile; fileRef = C10200000000000000000102 /* ShelfModelTests.swift */; };
		D10300000000000000000103 /* PanelGeometryTests.swift in Sources */ = {isa = PBXBuildFile; fileRef = C10300000000000000000103 /* PanelGeometryTests.swift */; };
		D10400000000000000000104 /* FileExportCoordinatorTests.swift in Sources */ = {isa = PBXBuildFile; fileRef = C10400000000000000000104 /* FileExportCoordinatorTests.swift */; };
		D10500000000000000000105 /* DragDropBridgesTests.swift in Sources */ = {isa = PBXBuildFile; fileRef = C10500000000000000000105 /* DragDropBridgesTests.swift */; };
		D10600000000000000000106 /* LoginItemStateTests.swift in Sources */ = {isa = PBXBuildFile; fileRef = C10600000000000000000106 /* LoginItemStateTests.swift */; };
/* End PBXBuildFile section */

/* Begin PBXContainerItemProxy section */
		F10000000000000000000100 /* PBXContainerItemProxy */ = {
			isa = PBXContainerItemProxy;
			containerPortal = AA00000000000000000000AA /* Project object */;
			proxyType = 1;
			remoteGlobalIDString = AE00000000000000000000AE;
			remoteInfo = Nab;
		};
/* End PBXContainerItemProxy section */

/* Begin PBXFileReference section */
		AF00000000000000000000FF /* Nab.app */ = {isa = PBXFileReference; explicitFileType = wrapper.application; includeInIndex = 0; path = Nab.app; sourceTree = BUILT_PRODUCTS_DIR; };
		AF10000000000000000000100 /* NabTests.xctest */ = {isa = PBXFileReference; explicitFileType = wrapper.cfbundle; includeInIndex = 0; path = NabTests.xctest; sourceTree = BUILT_PRODUCTS_DIR; };
		C001000000000000000000A1 /* NabApp.swift */ = {isa = PBXFileReference; lastKnownFileType = sourcecode.swift; path = NabApp.swift; sourceTree = "<group>"; };
		C002000000000000000000A2 /* AppDelegate.swift */ = {isa = PBXFileReference; lastKnownFileType = sourcecode.swift; path = AppDelegate.swift; sourceTree = "<group>"; };
		C003000000000000000000A3 /* ShelfController.swift */ = {isa = PBXFileReference; lastKnownFileType = sourcecode.swift; path = ShelfController.swift; sourceTree = "<group>"; };
		C004000000000000000000A4 /* ShelfPanel.swift */ = {isa = PBXFileReference; lastKnownFileType = sourcecode.swift; path = ShelfPanel.swift; sourceTree = "<group>"; };
		C005000000000000000000A5 /* ShelfModel.swift */ = {isa = PBXFileReference; lastKnownFileType = sourcecode.swift; path = ShelfModel.swift; sourceTree = "<group>"; };
		C006000000000000000000A6 /* ShelfView.swift */ = {isa = PBXFileReference; lastKnownFileType = sourcecode.swift; path = ShelfView.swift; sourceTree = "<group>"; };
		C007000000000000000000A7 /* DragMonitor.swift */ = {isa = PBXFileReference; lastKnownFileType = sourcecode.swift; path = DragMonitor.swift; sourceTree = "<group>"; };
		C008000000000000000000A8 /* Logging.swift */ = {isa = PBXFileReference; lastKnownFileType = sourcecode.swift; path = Logging.swift; sourceTree = "<group>"; };
		C009000000000000000000A9 /* ShelfPreferences.swift */ = {isa = PBXFileReference; lastKnownFileType = sourcecode.swift; path = ShelfPreferences.swift; sourceTree = "<group>"; };
		C00A000000000000000000AA /* ShelfIcon.swift */ = {isa = PBXFileReference; lastKnownFileType = sourcecode.swift; path = ShelfIcon.swift; sourceTree = "<group>"; };
		C00B000000000000000000AB /* DragDropBridges.swift */ = {isa = PBXFileReference; lastKnownFileType = sourcecode.swift; path = DragDropBridges.swift; sourceTree = "<group>"; };
		C00C000000000000000000AC /* QuickLookCoordinator.swift */ = {isa = PBXFileReference; lastKnownFileType = sourcecode.swift; path = QuickLookCoordinator.swift; sourceTree = "<group>"; };
		C00D000000000000000000AD /* Assets.xcassets */ = {isa = PBXFileReference; lastKnownFileType = folder.assetcatalog; path = Assets.xcassets; sourceTree = "<group>"; };
		C00E000000000000000000AE /* DragOperationPolicy.swift */ = {isa = PBXFileReference; lastKnownFileType = sourcecode.swift; path = DragOperationPolicy.swift; sourceTree = "<group>"; };
		C00F000000000000000000AF /* ScreenGeometry.swift */ = {isa = PBXFileReference; lastKnownFileType = sourcecode.swift; path = ScreenGeometry.swift; sourceTree = "<group>"; };
		C010000000000000000000B0 /* PanelGeometry.swift */ = {isa = PBXFileReference; lastKnownFileType = sourcecode.swift; path = PanelGeometry.swift; sourceTree = "<group>"; };
		C011000000000000000000B1 /* FileExportCoordinator.swift */ = {isa = PBXFileReference; lastKnownFileType = sourcecode.swift; path = FileExportCoordinator.swift; sourceTree = "<group>"; };
		C012000000000000000000B2 /* MaterializedFileStore.swift */ = {isa = PBXFileReference; lastKnownFileType = sourcecode.swift; path = MaterializedFileStore.swift; sourceTree = "<group>"; };
		C10000000000000000000100 /* DragOperationPolicyTests.swift */ = {isa = PBXFileReference; lastKnownFileType = sourcecode.swift; path = DragOperationPolicyTests.swift; sourceTree = "<group>"; };
		C10100000000000000000101 /* ScreenGeometryTests.swift */ = {isa = PBXFileReference; lastKnownFileType = sourcecode.swift; path = ScreenGeometryTests.swift; sourceTree = "<group>"; };
		C10200000000000000000102 /* ShelfModelTests.swift */ = {isa = PBXFileReference; lastKnownFileType = sourcecode.swift; path = ShelfModelTests.swift; sourceTree = "<group>"; };
		C10300000000000000000103 /* PanelGeometryTests.swift */ = {isa = PBXFileReference; lastKnownFileType = sourcecode.swift; path = PanelGeometryTests.swift; sourceTree = "<group>"; };
		C10400000000000000000104 /* FileExportCoordinatorTests.swift */ = {isa = PBXFileReference; lastKnownFileType = sourcecode.swift; path = FileExportCoordinatorTests.swift; sourceTree = "<group>"; };
		C10500000000000000000105 /* DragDropBridgesTests.swift */ = {isa = PBXFileReference; lastKnownFileType = sourcecode.swift; path = DragDropBridgesTests.swift; sourceTree = "<group>"; };
		C10600000000000000000106 /* LoginItemStateTests.swift */ = {isa = PBXFileReference; lastKnownFileType = sourcecode.swift; path = LoginItemStateTests.swift; sourceTree = "<group>"; };
/* End PBXFileReference section */

/* Begin PBXFrameworksBuildPhase section */
		B100000000000000000000B1 /* Frameworks */ = {
			isa = PBXFrameworksBuildPhase;
			buildActionMask = 2147483647;
			files = (
			);
			runOnlyForDeploymentPostprocessing = 0;
		};
		B10100000000000000000101 /* Frameworks */ = {
			isa = PBXFrameworksBuildPhase;
			buildActionMask = 2147483647;
			files = (
			);
			runOnlyForDeploymentPostprocessing = 0;
		};
/* End PBXFrameworksBuildPhase section */

/* Begin PBXGroup section */
		AB00000000000000000000AB /* Root */ = {
			isa = PBXGroup;
			children = (
				AC00000000000000000000AC /* Nab */,
				AC10000000000000000000100 /* NabTests */,
				AD00000000000000000000AD /* Products */,
			);
			sourceTree = "<group>";
		};
		AC00000000000000000000AC /* Nab */ = {
			isa = PBXGroup;
			children = (
				C001000000000000000000A1 /* NabApp.swift */,
				C002000000000000000000A2 /* AppDelegate.swift */,
				C003000000000000000000A3 /* ShelfController.swift */,
				C004000000000000000000A4 /* ShelfPanel.swift */,
				C005000000000000000000A5 /* ShelfModel.swift */,
				C006000000000000000000A6 /* ShelfView.swift */,
				C00A000000000000000000AA /* ShelfIcon.swift */,
				C00B000000000000000000AB /* DragDropBridges.swift */,
				C00C000000000000000000AC /* QuickLookCoordinator.swift */,
				C00E000000000000000000AE /* DragOperationPolicy.swift */,
				C00F000000000000000000AF /* ScreenGeometry.swift */,
				C010000000000000000000B0 /* PanelGeometry.swift */,
				C011000000000000000000B1 /* FileExportCoordinator.swift */,
				C012000000000000000000B2 /* MaterializedFileStore.swift */,
				C007000000000000000000A7 /* DragMonitor.swift */,
				C009000000000000000000A9 /* ShelfPreferences.swift */,
				C008000000000000000000A8 /* Logging.swift */,
				C00D000000000000000000AD /* Assets.xcassets */,
			);
			path = Nab;
			sourceTree = "<group>";
		};
		AC10000000000000000000100 /* NabTests */ = {
			isa = PBXGroup;
			children = (
				C10500000000000000000105 /* DragDropBridgesTests.swift */,
				C10000000000000000000100 /* DragOperationPolicyTests.swift */,
				C10600000000000000000106 /* LoginItemStateTests.swift */,
				C10100000000000000000101 /* ScreenGeometryTests.swift */,
				C10300000000000000000103 /* PanelGeometryTests.swift */,
				C10200000000000000000102 /* ShelfModelTests.swift */,
				C10400000000000000000104 /* FileExportCoordinatorTests.swift */,
			);
			path = NabTests;
			sourceTree = "<group>";
		};
		AD00000000000000000000AD /* Products */ = {
			isa = PBXGroup;
			children = (
				AF00000000000000000000FF /* Nab.app */,
				AF10000000000000000000100 /* NabTests.xctest */,
			);
			name = Products;
			sourceTree = "<group>";
		};
/* End PBXGroup section */

/* Begin PBXNativeTarget section */
		AE00000000000000000000AE /* Nab */ = {
			isa = PBXNativeTarget;
			buildConfigurationList = B400000000000000000000B4 /* Build configuration list for PBXNativeTarget "Nab" */;
			buildPhases = (
				B500000000000000000000B5 /* Lint */,
				B000000000000000000000B0 /* Sources */,
				B100000000000000000000B1 /* Frameworks */,
				B200000000000000000000B2 /* Resources */,
			);
			buildRules = (
			);
			dependencies = (
			);
			name = Nab;
			productName = Nab;
			productReference = AF00000000000000000000FF /* Nab.app */;
			productType = "com.apple.product-type.application";
		};
		AE10000000000000000000100 /* NabTests */ = {
			isa = PBXNativeTarget;
			buildConfigurationList = B40100000000000000000401 /* Build configuration list for PBXNativeTarget "NabTests" */;
			buildPhases = (
				B10200000000000000000102 /* Sources */,
				B10100000000000000000101 /* Frameworks */,
				B10300000000000000000103 /* Resources */,
			);
			buildRules = (
			);
			dependencies = (
				F10100000000000000000101 /* PBXTargetDependency */,
			);
			name = NabTests;
			productName = NabTests;
			productReference = AF10000000000000000000100 /* NabTests.xctest */;
			productType = "com.apple.product-type.bundle.unit-test";
		};
/* End PBXNativeTarget section */

/* Begin PBXProject section */
		AA00000000000000000000AA /* Project object */ = {
			isa = PBXProject;
			attributes = {
				BuildIndependentTargetsInParallel = 1;
				LastSwiftUpdateCheck = 2640;
				LastUpgradeCheck = 2640;
				TargetAttributes = {
					AE00000000000000000000AE = {
						CreatedOnToolsVersion = 26.4;
					};
					AE10000000000000000000100 = {
						CreatedOnToolsVersion = 26.6;
						TestTargetID = AE00000000000000000000AE;
					};
				};
			};
			buildConfigurationList = B300000000000000000000B3 /* Build configuration list for PBXProject "Nab" */;
			compatibilityVersion = "Xcode 16.0";
			developmentRegion = en;
			hasScannedForEncodings = 0;
			knownRegions = (
				en,
				Base,
			);
			mainGroup = AB00000000000000000000AB;
			productRefGroup = AD00000000000000000000AD /* Products */;
			projectDirPath = "";
			projectRoot = "";
			targets = (
				AE00000000000000000000AE /* Nab */,
				AE10000000000000000000100 /* NabTests */,
			);
		};
/* End PBXProject section */

/* Begin PBXShellScriptBuildPhase section */
		B500000000000000000000B5 /* Lint */ = {
			isa = PBXShellScriptBuildPhase;
			alwaysOutOfDate = 1;
			buildActionMask = 2147483647;
			files = (
			);
			inputFileListPaths = (
			);
			inputPaths = (
			);
			name = Lint;
			outputFileListPaths = (
			);
			outputPaths = (
			);
			runOnlyForDeploymentPostprocessing = 0;
			shellPath = /bin/sh;
			shellScript = "xcrun swift-format lint -r \"${SRCROOT}/Nab\" \"${SRCROOT}/NabTests\"\n";
		};
/* End PBXShellScriptBuildPhase section */

/* Begin PBXResourcesBuildPhase section */
		B200000000000000000000B2 /* Resources */ = {
			isa = PBXResourcesBuildPhase;
			buildActionMask = 2147483647;
			files = (
				D00D000000000000000000AD /* Assets.xcassets in Resources */,
			);
			runOnlyForDeploymentPostprocessing = 0;
		};
		B10300000000000000000103 /* Resources */ = {
			isa = PBXResourcesBuildPhase;
			buildActionMask = 2147483647;
			files = (
			);
			runOnlyForDeploymentPostprocessing = 0;
		};
/* End PBXResourcesBuildPhase section */

/* Begin PBXSourcesBuildPhase section */
		B000000000000000000000B0 /* Sources */ = {
			isa = PBXSourcesBuildPhase;
			buildActionMask = 2147483647;
			files = (
				D001000000000000000000A1 /* NabApp.swift in Sources */,
				D002000000000000000000A2 /* AppDelegate.swift in Sources */,
				D003000000000000000000A3 /* ShelfController.swift in Sources */,
				D004000000000000000000A4 /* ShelfPanel.swift in Sources */,
				D005000000000000000000A5 /* ShelfModel.swift in Sources */,
				D006000000000000000000A6 /* ShelfView.swift in Sources */,
				D00A000000000000000000AA /* ShelfIcon.swift in Sources */,
				D00B000000000000000000AB /* DragDropBridges.swift in Sources */,
				D00C000000000000000000AC /* QuickLookCoordinator.swift in Sources */,
				D00E000000000000000000AE /* DragOperationPolicy.swift in Sources */,
				D00F000000000000000000AF /* ScreenGeometry.swift in Sources */,
				D010000000000000000000B0 /* PanelGeometry.swift in Sources */,
				D011000000000000000000B1 /* FileExportCoordinator.swift in Sources */,
				D012000000000000000000B2 /* MaterializedFileStore.swift in Sources */,
				D007000000000000000000A7 /* DragMonitor.swift in Sources */,
				D009000000000000000000A9 /* ShelfPreferences.swift in Sources */,
				D008000000000000000000A8 /* Logging.swift in Sources */,
			);
			runOnlyForDeploymentPostprocessing = 0;
		};
		B10200000000000000000102 /* Sources */ = {
			isa = PBXSourcesBuildPhase;
			buildActionMask = 2147483647;
			files = (
				D10500000000000000000105 /* DragDropBridgesTests.swift in Sources */,
				D10000000000000000000100 /* DragOperationPolicyTests.swift in Sources */,
				D10600000000000000000106 /* LoginItemStateTests.swift in Sources */,
				D10100000000000000000101 /* ScreenGeometryTests.swift in Sources */,
				D10300000000000000000103 /* PanelGeometryTests.swift in Sources */,
				D10200000000000000000102 /* ShelfModelTests.swift in Sources */,
				D10400000000000000000104 /* FileExportCoordinatorTests.swift in Sources */,
			);
			runOnlyForDeploymentPostprocessing = 0;
		};
/* End PBXSourcesBuildPhase section */

/* Begin PBXTargetDependency section */
		F10100000000000000000101 /* PBXTargetDependency */ = {
			isa = PBXTargetDependency;
			target = AE00000000000000000000AE /* Nab */;
			targetProxy = F10000000000000000000100 /* PBXContainerItemProxy */;
		};
/* End PBXTargetDependency section */

/* Begin XCBuildConfiguration section */
		E000000000000000000000E0 /* Debug */ = {
			isa = XCBuildConfiguration;
			buildSettings = {
				ALWAYS_SEARCH_USER_PATHS = NO;
				ARCHS = arm64;
				CLANG_ANALYZER_NONNULL = YES;
				CLANG_ENABLE_MODULES = YES;
				CLANG_ENABLE_OBJC_ARC = YES;
				CLANG_WARN_DOCUMENTATION_COMMENTS = YES;
				COPY_PHASE_STRIP = NO;
				DEBUG_INFORMATION_FORMAT = dwarf;
				ENABLE_STRICT_OBJC_MSGSEND = YES;
				ENABLE_TESTABILITY = YES;
				GCC_C_LANGUAGE_STANDARD = gnu17;
				GCC_DYNAMIC_NO_PIC = NO;
				GCC_NO_COMMON_BLOCKS = YES;
				GCC_OPTIMIZATION_LEVEL = 0;
				GCC_PREPROCESSOR_DEFINITIONS = (
					"DEBUG=1",
					"$(inherited)",
				);
				MACOSX_DEPLOYMENT_TARGET = 26.0;
				ONLY_ACTIVE_ARCH = YES;
				SDKROOT = macosx;
				SWIFT_ACTIVE_COMPILATION_CONDITIONS = DEBUG;
				SWIFT_OPTIMIZATION_LEVEL = "-Onone";
			};
			name = Debug;
		};
		E100000000000000000000E1 /* Release */ = {
			isa = XCBuildConfiguration;
			buildSettings = {
				ALWAYS_SEARCH_USER_PATHS = NO;
				ARCHS = arm64;
				CLANG_ANALYZER_NONNULL = YES;
				CLANG_ENABLE_MODULES = YES;
				CLANG_ENABLE_OBJC_ARC = YES;
				CLANG_WARN_DOCUMENTATION_COMMENTS = YES;
				COPY_PHASE_STRIP = NO;
				DEBUG_INFORMATION_FORMAT = "dwarf-with-dsym";
				ENABLE_NS_ASSERTIONS = NO;
				ENABLE_STRICT_OBJC_MSGSEND = YES;
				GCC_C_LANGUAGE_STANDARD = gnu17;
				GCC_NO_COMMON_BLOCKS = YES;
				MACOSX_DEPLOYMENT_TARGET = 26.0;
				SDKROOT = macosx;
				SWIFT_COMPILATION_MODE = wholemodule;
			};
			name = Release;
		};
		E200000000000000000000E2 /* Debug */ = {
			isa = XCBuildConfiguration;
			buildSettings = {
				ASSETCATALOG_COMPILER_APPICON_NAME = AppIcon;
				CODE_SIGN_IDENTITY = "-";
				CODE_SIGN_STYLE = Automatic;
				CURRENT_PROJECT_VERSION = 1;
				ENABLE_HARDENED_RUNTIME = YES;
				GENERATE_INFOPLIST_FILE = YES;
				INFOPLIST_KEY_LSUIElement = YES;
				INFOPLIST_KEY_NSHumanReadableCopyright = "";
				MARKETING_VERSION = 0.1;
				PRODUCT_BUNDLE_IDENTIFIER = "dev.nab.Nab";
				PRODUCT_NAME = "$(TARGET_NAME)";
				SWIFT_APPROACHABLE_CONCURRENCY = YES;
				SWIFT_DEFAULT_ACTOR_ISOLATION = MainActor;
				SWIFT_VERSION = 6.0;
			};
			name = Debug;
		};
		E300000000000000000000E3 /* Release */ = {
			isa = XCBuildConfiguration;
			buildSettings = {
				ASSETCATALOG_COMPILER_APPICON_NAME = AppIcon;
				CODE_SIGN_IDENTITY = "-";
				CODE_SIGN_STYLE = Automatic;
				CURRENT_PROJECT_VERSION = 1;
				ENABLE_HARDENED_RUNTIME = YES;
				GENERATE_INFOPLIST_FILE = YES;
				INFOPLIST_KEY_LSUIElement = YES;
				INFOPLIST_KEY_NSHumanReadableCopyright = "";
				MARKETING_VERSION = 0.1;
				PRODUCT_BUNDLE_IDENTIFIER = "dev.nab.Nab";
				PRODUCT_NAME = "$(TARGET_NAME)";
				SWIFT_APPROACHABLE_CONCURRENCY = YES;
				SWIFT_DEFAULT_ACTOR_ISOLATION = MainActor;
				SWIFT_VERSION = 6.0;
			};
			name = Release;
		};
		E400000000000000000000E4 /* Debug */ = {
			isa = XCBuildConfiguration;
			buildSettings = {
				BUNDLE_LOADER = "$(TEST_HOST)";
				CODE_SIGN_IDENTITY = "-";
				CODE_SIGN_STYLE = Automatic;
				GENERATE_INFOPLIST_FILE = YES;
				PRODUCT_BUNDLE_IDENTIFIER = "dev.nab.NabTests";
				PRODUCT_NAME = "$(TARGET_NAME)";
				SWIFT_APPROACHABLE_CONCURRENCY = YES;
				SWIFT_VERSION = 6.0;
				TEST_HOST = "$(BUILT_PRODUCTS_DIR)/Nab.app/Contents/MacOS/Nab";
			};
			name = Debug;
		};
		E500000000000000000000E5 /* Release */ = {
			isa = XCBuildConfiguration;
			buildSettings = {
				BUNDLE_LOADER = "$(TEST_HOST)";
				CODE_SIGN_IDENTITY = "-";
				CODE_SIGN_STYLE = Automatic;
				GENERATE_INFOPLIST_FILE = YES;
				PRODUCT_BUNDLE_IDENTIFIER = "dev.nab.NabTests";
				PRODUCT_NAME = "$(TARGET_NAME)";
				SWIFT_APPROACHABLE_CONCURRENCY = YES;
				SWIFT_VERSION = 6.0;
				TEST_HOST = "$(BUILT_PRODUCTS_DIR)/Nab.app/Contents/MacOS/Nab";
			};
			name = Release;
		};
/* End XCBuildConfiguration section */

/* Begin XCConfigurationList section */
		B300000000000000000000B3 /* Build configuration list for PBXProject "Nab" */ = {
			isa = XCConfigurationList;
			buildConfigurations = (
				E000000000000000000000E0 /* Debug */,
				E100000000000000000000E1 /* Release */,
			);
			defaultConfigurationIsVisible = 0;
			defaultConfigurationName = Release;
		};
		B400000000000000000000B4 /* Build configuration list for PBXNativeTarget "Nab" */ = {
			isa = XCConfigurationList;
			buildConfigurations = (
				E200000000000000000000E2 /* Debug */,
				E300000000000000000000E3 /* Release */,
			);
			defaultConfigurationIsVisible = 0;
			defaultConfigurationName = Release;
		};
		B40100000000000000000401 /* Build configuration list for PBXNativeTarget "NabTests" */ = {
			isa = XCConfigurationList;
			buildConfigurations = (
				E400000000000000000000E4 /* Debug */,
				E500000000000000000000E5 /* Release */,
			);
			defaultConfigurationIsVisible = 0;
			defaultConfigurationName = Release;
		};
/* End XCConfigurationList section */
	};
	rootObject = AA00000000000000000000AA /* Project object */;
}
